// !$*UTF8*$!
{
	archiveVersion = 1;
	classes = {
	};
	objectVersion = 46;
	objects = {

/* Begin PBXBuildFile section */
		2F5600EE19142904004EED5F /* Foundation.framework in Frameworks */ = {isa = PBXBuildFile; fileRef = 2F5600ED19142904004EED5F /* Foundation.framework */; };
		2F5600F019142904004EED5F /* CoreGraphics.framework in Frameworks */ = {isa = PBXBuildFile; fileRef = 2F5600EF19142904004EED5F /* CoreGraphics.framework */; };
		2F5600F219142904004EED5F /* UIKit.framework in Frameworks */ = {isa = PBXBuildFile; fileRef = 2F5600F119142904004EED5F /* UIKit.framework */; };
		2F5600F819142904004EED5F /* InfoPlist.strings in Resources */ = {isa = PBXBuildFile; fileRef = 2F5600F619142904004EED5F /* InfoPlist.strings */; };
		2F5600FA19142904004EED5F /* main.m in Sources */ = {isa = PBXBuildFile; fileRef = 2F5600F919142904004EED5F /* main.m */; };
		2F5600FE19142904004EED5F /* AFLAppDelegate.m in Sources */ = {isa = PBXBuildFile; fileRef = 2F5600FD19142904004EED5F /* AFLAppDelegate.m */; };
		2F56010019142904004EED5F /* Images.xcassets in Resources */ = {isa = PBXBuildFile; fileRef = 2F5600FF19142904004EED5F /* Images.xcassets */; };
		2F56010719142905004EED5F /* XCTest.framework in Frameworks */ = {isa = PBXBuildFile; fileRef = 2F56010619142905004EED5F /* XCTest.framework */; };
		2F56010819142905004EED5F /* Foundation.framework in Frameworks */ = {isa = PBXBuildFile; fileRef = 2F5600ED19142904004EED5F /* Foundation.framework */; };
		2F56010919142905004EED5F /* UIKit.framework in Frameworks */ = {isa = PBXBuildFile; fileRef = 2F5600F119142904004EED5F /* UIKit.framework */; };
		2F56011119142905004EED5F /* InfoPlist.strings in Resources */ = {isa = PBXBuildFile; fileRef = 2F56010F19142905004EED5F /* InfoPlist.strings */; };
		2F56011319142905004EED5F /* AFeedlyTests.m in Sources */ = {isa = PBXBuildFile; fileRef = 2F56011219142905004EED5F /* AFeedlyTests.m */; };
		2F560122191438A3004EED5F /* AFeedly.podspec in Resources */ = {isa = PBXBuildFile; fileRef = 2F560121191438A3004EED5F /* AFeedly.podspec */; };
		2F56016C191450EF004EED5F /* AFLViewController.m in Sources */ = {isa = PBXBuildFile; fileRef = 2F56016B191450EF004EED5F /* AFLViewController.m */; };
		2F560171191450FA004EED5F /* Main_iPad.storyboard in Resources */ = {isa = PBXBuildFile; fileRef = 2F56016D191450FA004EED5F /* Main_iPad.storyboard */; };
		2F560172191450FA004EED5F /* Main_iPhone.storyboard in Resources */ = {isa = PBXBuildFile; fileRef = 2F56016F191450FA004EED5F /* Main_iPhone.storyboard */; };
		2F7D8F2B191E67F100D920CA /* QuartzCore.framework in Frameworks */ = {isa = PBXBuildFile; fileRef = 2F7D8F2A191E67F100D920CA /* QuartzCore.framework */; };
		8BBE22C4C32D4D0A8E54DB83 /* libPods.a in Frameworks */ = {isa = PBXBuildFile; fileRef = C9D5EB4EAFE24907A59D8566 /* libPods.a */; };
/* End PBXBuildFile section */

/* Begin PBXContainerItemProxy section */
		2F56010A19142905004EED5F /* PBXContainerItemProxy */ = {
			isa = PBXContainerItemProxy;
			containerPortal = 2F5600E219142904004EED5F /* Project object */;
			proxyType = 1;
			remoteGlobalIDString = 2F5600E919142904004EED5F;
			remoteInfo = AFeedly;
		};
/* End PBXContainerItemProxy section */

/* Begin PBXFileReference section */
		2F5600EA19142904004EED5F /* AFeedly.app */ = {isa = PBXFileReference; explicitFileType = wrapper.application; includeInIndex = 0; path = AFeedly.app; sourceTree = BUILT_PRODUCTS_DIR; };
		2F5600ED19142904004EED5F /* Foundation.framework */ = {isa = PBXFileReference; lastKnownFileType = wrapper.framework; name = Foundation.framework; path = System/Library/Frameworks/Foundation.framework; sourceTree = SDKROOT; };
		2F5600EF19142904004EED5F /* CoreGraphics.framework */ = {isa = PBXFileReference; lastKnownFileType = wrapper.framework; name = CoreGraphics.framework; path = System/Library/Frameworks/CoreGraphics.framework; sourceTree = SDKROOT; };
		2F5600F119142904004EED5F /* UIKit.framework */ = {isa = PBXFileReference; lastKnownFileType = wrapper.framework; name = UIKit.framework; path = System/Library/Frameworks/UIKit.framework; sourceTree = SDKROOT; };
		2F5600F519142904004EED5F /* AFeedly-Info.plist */ = {isa = PBXFileReference; lastKnownFileType = text.plist.xml; path = "AFeedly-Info.plist"; sourceTree = "<group>"; };
		2F5600F719142904004EED5F /* en */ = {isa = PBXFileReference; lastKnownFileType = text.plist.strings; name = en; path = en.lproj/InfoPlist.strings; sourceTree = "<group>"; };
		2F5600F919142904004EED5F /* main.m */ = {isa = PBXFileReference; lastKnownFileType = sourcecode.c.objc; path = main.m; sourceTree = "<group>"; };
		2F5600FB19142904004EED5F /* AFeedly-Prefix.pch */ = {isa = PBXFileReference; lastKnownFileType = sourcecode.c.h; path = "AFeedly-Prefix.pch"; sourceTree = "<group>"; };
		2F5600FC19142904004EED5F /* AFLAppDelegate.h */ = {isa = PBXFileReference; lastKnownFileType = sourcecode.c.h; path = AFLAppDelegate.h; sourceTree = "<group>"; };
		2F5600FD19142904004EED5F /* AFLAppDelegate.m */ = {isa = PBXFileReference; lastKnownFileType = sourcecode.c.objc; path = AFLAppDelegate.m; sourceTree = "<group>"; };
		2F5600FF19142904004EED5F /* Images.xcassets */ = {isa = PBXFileReference; lastKnownFileType = folder.assetcatalog; path = Images.xcassets; sourceTree = "<group>"; };
		2F56010519142905004EED5F /* AFeedlyTests.xctest */ = {isa = PBXFileReference; explicitFileType = wrapper.cfbundle; includeInIndex = 0; path = AFeedlyTests.xctest; sourceTree = BUILT_PRODUCTS_DIR; };
		2F56010619142905004EED5F /* XCTest.framework */ = {isa = PBXFileReference; lastKnownFileType = wrapper.framework; name = XCTest.framework; path = Library/Frameworks/XCTest.framework; sourceTree = DEVELOPER_DIR; };
		2F56010E19142905004EED5F /* AFeedlyTests-Info.plist */ = {isa = PBXFileReference; lastKnownFileType = text.plist.xml; path = "AFeedlyTests-Info.plist"; sourceTree = "<group>"; };
		2F56011019142905004EED5F /* en */ = {isa = PBXFileReference; lastKnownFileType = text.plist.strings; name = en; path = en.lproj/InfoPlist.strings; sourceTree = "<group>"; };
		2F56011219142905004EED5F /* AFeedlyTests.m */ = {isa = PBXFileReference; lastKnownFileType = sourcecode.c.objc; path = AFeedlyTests.m; sourceTree = "<group>"; };
		2F560121191438A3004EED5F /* AFeedly.podspec */ = {isa = PBXFileReference; fileEncoding = 4; lastKnownFileType = text; path = AFeedly.podspec; sourceTree = "<group>"; };
		2F56016A191450EF004EED5F /* AFLViewController.h */ = {isa = PBXFileReference; fileEncoding = 4; lastKnownFileType = sourcecode.c.h; path = AFLViewController.h; sourceTree = "<group>"; };
		2F56016B191450EF004EED5F /* AFLViewController.m */ = {isa = PBXFileReference; fileEncoding = 4; lastKnownFileType = sourcecode.c.objc; path = AFLViewController.m; sourceTree = "<group>"; };
		2F56016E191450FA004EED5F /* Base */ = {isa = PBXFileReference; lastKnownFileType = file.storyboard; name = Base; path = Base.lproj/Main_iPad.storyboard; sourceTree = "<group>"; };
		2F560170191450FA004EED5F /* Base */ = {isa = PBXFileReference; lastKnownFileType = file.storyboard; name = Base; path = Base.lproj/Main_iPhone.storyboard; sourceTree = "<group>"; };
		2F7D8F2A191E67F100D920CA /* QuartzCore.framework */ = {isa = PBXFileReference; lastKnownFileType = wrapper.framework; name = QuartzCore.framework; path = System/Library/Frameworks/QuartzCore.framework; sourceTree = SDKROOT; };
		C9D5EB4EAFE24907A59D8566 /* libPods.a */ = {isa = PBXFileReference; explicitFileType = archive.ar; includeInIndex = 0; path = libPods.a; sourceTree = BUILT_PRODUCTS_DIR; };
		FB93450CB0E9468091A423DB /* Pods.xcconfig */ = {isa = PBXFileReference; includeInIndex = 1; lastKnownFileType = text.xcconfig; name = Pods.xcconfig; path = Pods/Pods.xcconfig; sourceTree = "<group>"; };
/* End PBXFileReference section */

/* Begin PBXFrameworksBuildPhase section */
		2F5600E719142904004EED5F /* Frameworks */ = {
			isa = PBXFrameworksBuildPhase;
			buildActionMask = 2147483647;
			files = (
				2F7D8F2B191E67F100D920CA /* QuartzCore.framework in Frameworks */,
				2F5600F019142904004EED5F /* CoreGraphics.framework in Frameworks */,
				2F5600F219142904004EED5F /* UIKit.framework in Frameworks */,
				2F5600EE19142904004EED5F /* Foundation.framework in Frameworks */,
				8BBE22C4C32D4D0A8E54DB83 /* libPods.a in Frameworks */,
			);
			runOnlyForDeploymentPostprocessing = 0;
		};
		2F56010219142905004EED5F /* Frameworks */ = {
			isa = PBXFrameworksBuildPhase;
			buildActionMask = 2147483647;
			files = (
				2F56010719142905004EED5F /* XCTest.framework in Frameworks */,
				2F56010919142905004EED5F /* UIKit.framework in Frameworks */,
				2F56010819142905004EED5F /* Foundation.framework in Frameworks */,
			);
			runOnlyForDeploymentPostprocessing = 0;
		};
/* End PBXFrameworksBuildPhase section */

/* Begin PBXGroup section */
		2F5600E119142904004EED5F = {
			isa = PBXGroup;
			children = (
				2F560121191438A3004EED5F /* AFeedly.podspec */,
				2F5600F319142904004EED5F /* AFeedly */,
				2F56010C19142905004EED5F /* AFeedlyTests */,
				2F5600EC19142904004EED5F /* Frameworks */,
				2F5600EB19142904004EED5F /* Products */,
				FB93450CB0E9468091A423DB /* Pods.xcconfig */,
			);
			sourceTree = "<group>";
		};
		2F5600EB19142904004EED5F /* Products */ = {
			isa = PBXGroup;
			children = (
				2F5600EA19142904004EED5F /* AFeedly.app */,
				2F56010519142905004EED5F /* AFeedlyTests.xctest */,
			);
			name = Products;
			sourceTree = "<group>";
		};
		2F5600EC19142904004EED5F /* Frameworks */ = {
			isa = PBXGroup;
			children = (
				2F7D8F2A191E67F100D920CA /* QuartzCore.framework */,
				2F5600ED19142904004EED5F /* Foundation.framework */,
				2F5600EF19142904004EED5F /* CoreGraphics.framework */,
				2F5600F119142904004EED5F /* UIKit.framework */,
				2F56010619142905004EED5F /* XCTest.framework */,
				C9D5EB4EAFE24907A59D8566 /* libPods.a */,
			);
			name = Frameworks;
			sourceTree = "<group>";
		};
		2F5600F319142904004EED5F /* AFeedly */ = {
			isa = PBXGroup;
			children = (
				2F56016D191450FA004EED5F /* Main_iPad.storyboard */,
				2F56016F191450FA004EED5F /* Main_iPhone.storyboard */,
				2F56016A191450EF004EED5F /* AFLViewController.h */,
				2F56016B191450EF004EED5F /* AFLViewController.m */,
				2F5600FC19142904004EED5F /* AFLAppDelegate.h */,
				2F5600FD19142904004EED5F /* AFLAppDelegate.m */,
				2F5600FF19142904004EED5F /* Images.xcassets */,
				2F5600F419142904004EED5F /* Supporting Files */,
			);
			path = AFeedly;
			sourceTree = "<group>";
		};
		2F5600F419142904004EED5F /* Supporting Files */ = {
			isa = PBXGroup;
			children = (
				2F5600F519142904004EED5F /* AFeedly-Info.plist */,
				2F5600F619142904004EED5F /* InfoPlist.strings */,
				2F5600F919142904004EED5F /* main.m */,
				2F5600FB19142904004EED5F /* AFeedly-Prefix.pch */,
			);
			name = "Supporting Files";
			sourceTree = "<group>";
		};
		2F56010C19142905004EED5F /* AFeedlyTests */ = {
			isa = PBXGroup;
			children = (
				2F56011219142905004EED5F /* AFeedlyTests.m */,
				2F56010D19142905004EED5F /* Supporting Files */,
			);
			path = AFeedlyTests;
			sourceTree = "<group>";
		};
		2F56010D19142905004EED5F /* Supporting Files */ = {
			isa = PBXGroup;
			children = (
				2F56010E19142905004EED5F /* AFeedlyTests-Info.plist */,
				2F56010F19142905004EED5F /* InfoPlist.strings */,
			);
			name = "Supporting Files";
			sourceTree = "<group>";
		};
/* End PBXGroup section */

/* Begin PBXNativeTarget section */
		2F5600E919142904004EED5F /* AFeedly */ = {
			isa = PBXNativeTarget;
			buildConfigurationList = 2F56011619142905004EED5F /* Build configuration list for PBXNativeTarget "AFeedly" */;
			buildPhases = (
				99BFD7A661484AC680AD148D /* Check Pods Manifest.lock */,
				2F5600E619142904004EED5F /* Sources */,
				2F5600E719142904004EED5F /* Frameworks */,
				2F5600E819142904004EED5F /* Resources */,
				8FF61007C3A24B6BA7E7E96D /* Copy Pods Resources */,
			);
			buildRules = (
			);
			dependencies = (
			);
			name = AFeedly;
			productName = AFeedly;
			productReference = 2F5600EA19142904004EED5F /* AFeedly.app */;
			productType = "com.apple.product-type.application";
		};
		2F56010419142905004EED5F /* AFeedlyTests */ = {
			isa = PBXNativeTarget;
			buildConfigurationList = 2F56011919142905004EED5F /* Build configuration list for PBXNativeTarget "AFeedlyTests" */;
			buildPhases = (
				2F56010119142905004EED5F /* Sources */,
				2F56010219142905004EED5F /* Frameworks */,
				2F56010319142905004EED5F /* Resources */,
			);
			buildRules = (
			);
			dependencies = (
				2F56010B19142905004EED5F /* PBXTargetDependency */,
			);
			name = AFeedlyTests;
			productName = AFeedlyTests;
			productReference = 2F56010519142905004EED5F /* AFeedlyTests.xctest */;
			productType = "com.apple.product-type.bundle.unit-test";
		};
/* End PBXNativeTarget section */

/* Begin PBXProject section */
		2F5600E219142904004EED5F /* Project object */ = {
			isa = PBXProject;
			attributes = {
				CLASSPREFIX = AFL;
				LastUpgradeCheck = 0510;
				ORGANIZATIONNAME = Alkimake;
				TargetAttributes = {
					2F56010419142905004EED5F = {
						TestTargetID = 2F5600E919142904004EED5F;
					};
				};
			};
			buildConfigurationList = 2F5600E519142904004EED5F /* Build configuration list for PBXProject "AFeedly" */;
			compatibilityVersion = "Xcode 3.2";
			developmentRegion = English;
			hasScannedForEncodings = 0;
			knownRegions = (
				en,
				Base,
			);
			mainGroup = 2F5600E119142904004EED5F;
			productRefGroup = 2F5600EB19142904004EED5F /* Products */;
			projectDirPath = "";
			projectRoot = "";
			targets = (
				2F5600E919142904004EED5F /* AFeedly */,
				2F56010419142905004EED5F /* AFeedlyTests */,
			);
		};
/* End PBXProject section */

/* Begin PBXResourcesBuildPhase section */
		2F5600E819142904004EED5F /* Resources */ = {
			isa = PBXResourcesBuildPhase;
			buildActionMask = 2147483647;
			files = (
				2F5600F819142904004EED5F /* InfoPlist.strings in Resources */,
				2F560171191450FA004EED5F /* Main_iPad.storyboard in Resources */,
				2F560172191450FA004EED5F /* Main_iPhone.storyboard in Resources */,
				2F560122191438A3004EED5F /* AFeedly.podspec in Resources */,
				2F56010019142904004EED5F /* Images.xcassets in Resources */,
			);
			runOnlyForDeploymentPostprocessing = 0;
		};
		2F56010319142905004EED5F /* Resources */ = {
			isa = PBXResourcesBuildPhase;
			buildActionMask = 2147483647;
			files = (
				2F56011119142905004EED5F /* InfoPlist.strings in Resources */,
			);
			runOnlyForDeploymentPostprocessing = 0;
		};
/* End PBXResourcesBuildPhase section */

/* Begin PBXShellScriptBuildPhase section */
		8FF61007C3A24B6BA7E7E96D /* Copy Pods Resources */ = {
			isa = PBXShellScriptBuildPhase;
			buildActionMask = 2147483647;
			files = (
			);
			inputPaths = (
			);
			name = "Copy Pods Resources";
			outputPaths = (
			);
			runOnlyForDeploymentPostprocessing = 0;
			shellPath = /bin/sh;
			shellScript = "\"${SRCROOT}/Pods/Pods-resources.sh\"\n";
			showEnvVarsInLog = 0;
		};
		99BFD7A661484AC680AD148D /* Check Pods Manifest.lock */ = {
			isa = PBXShellScriptBuildPhase;
			buildActionMask = 2147483647;
			files = (
			);
			inputPaths = (
			);
			name = "Check Pods Manifest.lock";
			outputPaths = (
			);
			runOnlyForDeploymentPostprocessing = 0;
			shellPath = /bin/sh;
			shellScript = "diff \"${PODS_ROOT}/../Podfile.lock\" \"${PODS_ROOT}/Manifest.lock\" > /dev/null\nif [[ $? != 0 ]] ; then\n    cat << EOM\nerror: The sandbox is not in sync with the Podfile.lock. Run 'pod install' or update your CocoaPods installation.\nEOM\n    exit 1\nfi\n";
			showEnvVarsInLog = 0;
		};
/* End PBXShellScriptBuildPhase section */

/* Begin PBXSourcesBuildPhase section */
		2F5600E619142904004EED5F /* Sources */ = {
			isa = PBXSourcesBuildPhase;
			buildActionMask = 2147483647;
			files = (
				2F5600FE19142904004EED5F /* AFLAppDelegate.m in Sources */,
				2F5600FA19142904004EED5F /* main.m in Sources */,
				2F56016C191450EF004EED5F /* AFLViewController.m in Sources */,
			);
			runOnlyForDeploymentPostprocessing = 0;
		};
		2F56010119142905004EED5F /* Sources */ = {
			isa = PBXSourcesBuildPhase;
			buildActionMask = 2147483647;
			files = (
				2F56011319142905004EED5F /* AFeedlyTests.m in Sources */,
			);
			runOnlyForDeploymentPostprocessing = 0;
		};
/* End PBXSourcesBuildPhase section */

/* Begin PBXTargetDependency section */
		2F56010B19142905004EED5F /* PBXTargetDependency */ = {
			isa = PBXTargetDependency;
			target = 2F5600E919142904004EED5F /* AFeedly */;
			targetProxy = 2F56010A19142905004EED5F /* PBXContainerItemProxy */;
		};
/* End PBXTargetDependency section */

/* Begin PBXVariantGroup section */
		2F5600F619142904004EED5F /* InfoPlist.strings */ = {
			isa = PBXVariantGroup;
			children = (
				2F5600F719142904004EED5F /* en */,
			);
			name = InfoPlist.strings;
			sourceTree = "<group>";
		};
		2F56010F19142905004EED5F /* InfoPlist.strings */ = {
			isa = PBXVariantGroup;
			children = (
				2F56011019142905004EED5F /* en */,
			);
			name = InfoPlist.strings;
			sourceTree = "<group>";
		};
		2F56016D191450FA004EED5F /* Main_iPad.storyboard */ = {
			isa = PBXVariantGroup;
			children = (
				2F56016E191450FA004EED5F /* Base */,
			);
			name = Main_iPad.storyboard;
			sourceTree = "<group>";
		};
		2F56016F191450FA004EED5F /* Main_iPhone.storyboard */ = {
			isa = PBXVariantGroup;
			children = (
				2F560170191450FA004EED5F /* Base */,
			);
			name = Main_iPhone.storyboard;
			sourceTree = "<group>";
		};
/* End PBXVariantGroup section */

/* Begin XCBuildConfiguration section */
		2F56011419142905004EED5F /* Debug */ = {
			isa = XCBuildConfiguration;
			buildSettings = {
				ALWAYS_SEARCH_USER_PATHS = NO;
				CLANG_CXX_LANGUAGE_STANDARD = "gnu++0x";
				CLANG_CXX_LIBRARY = "libc++";
				CLANG_ENABLE_MODULES = YES;
				CLANG_ENABLE_OBJC_ARC = YES;
				CLANG_WARN_BOOL_CONVERSION = YES;
				CLANG_WARN_CONSTANT_CONVERSION = YES;
				CLANG_WARN_DIRECT_OBJC_ISA_USAGE = YES_ERROR;
				CLANG_WARN_EMPTY_BODY = YES;
				CLANG_WARN_ENUM_CONVERSION = YES;
				CLANG_WARN_INT_CONVERSION = YES;
				CLANG_WARN_OBJC_ROOT_CLASS = YES_ERROR;
				CLANG_WARN__DUPLICATE_METHOD_MATCH = YES;
				"CODE_SIGN_IDENTITY[sdk=iphoneos*]" = "iPhone Developer";
				COPY_PHASE_STRIP = NO;
				GCC_C_LANGUAGE_STANDARD = gnu99;
				GCC_DYNAMIC_NO_PIC = NO;
				GCC_OPTIMIZATION_LEVEL = 0;
				GCC_PREPROCESSOR_DEFINITIONS = (
					"DEBUG=1",
					"$(inherited)",
				);
				GCC_SYMBOLS_PRIVATE_EXTERN = NO;
				GCC_WARN_64_TO_32_BIT_CONVERSION = YES;
				GCC_WARN_ABOUT_RETURN_TYPE = YES_ERROR;
				GCC_WARN_UNDECLARED_SELECTOR = YES;
				GCC_WARN_UNINITIALIZED_AUTOS = YES_AGGRESSIVE;
				GCC_WARN_UNUSED_FUNCTION = YES;
				GCC_WARN_UNUSED_VARIABLE = YES;
				IPHONEOS_DEPLOYMENT_TARGET = 7.1;
				ONLY_ACTIVE_ARCH = YES;
				SDKROOT = iphoneos;
				TARGETED_DEVICE_FAMILY = "1,2";
			};
			name = Debug;
		};
		2F56011519142905004EED5F /* Release */ = {
			isa = XCBuildConfiguration;
			buildSettings = {
				ALWAYS_SEARCH_USER_PATHS = NO;
				CLANG_CXX_LANGUAGE_STANDARD = "gnu++0x";
				CLANG_CXX_LIBRARY = "libc++";
				CLANG_ENABLE_MODULES = YES;
				CLANG_ENABLE_OBJC_ARC = YES;
				CLANG_WARN_BOOL_CONVERSION = YES;
				CLANG_WARN_CONSTANT_CONVERSION = YES;
				CLANG_WARN_DIRECT_OBJC_ISA_USAGE = YES_ERROR;
				CLANG_WARN_EMPTY_BODY = YES;
				CLANG_WARN_ENUM_CONVERSION = YES;
				CLANG_WARN_INT_CONVERSION = YES;
				CLANG_WARN_OBJC_ROOT_CLASS = YES_ERROR;
				CLANG_WARN__DUPLICATE_METHOD_MATCH = YES;
				"CODE_SIGN_IDENTITY[sdk=iphoneos*]" = "iPhone Developer";
				COPY_PHASE_STRIP = YES;
				ENABLE_NS_ASSERTIONS = NO;
				GCC_C_LANGUAGE_STANDARD = gnu99;
				GCC_WARN_64_TO_32_BIT_CONVERSION = YES;
				GCC_WARN_ABOUT_RETURN_TYPE = YES_ERROR;
				GCC_WARN_UNDECLARED_SELECTOR = YES;
				GCC_WARN_UNINITIALIZED_AUTOS = YES_AGGRESSIVE;
				GCC_WARN_UNUSED_FUNCTION = YES;
				GCC_WARN_UNUSED_VARIABLE = YES;
				IPHONEOS_DEPLOYMENT_TARGET = 7.1;
				SDKROOT = iphoneos;
				TARGETED_DEVICE_FAMILY = "1,2";
				VALIDATE_PRODUCT = YES;
			};
			name = Release;
		};
		2F56011719142905004EED5F /* Debug */ = {
			isa = XCBuildConfiguration;
			baseConfigurationReference = FB93450CB0E9468091A423DB /* Pods.xcconfig */;
			buildSettings = {
				ASSETCATALOG_COMPILER_APPICON_NAME = AppIcon;
				ASSETCATALOG_COMPILER_LAUNCHIMAGE_NAME = LaunchImage;
				GCC_PRECOMPILE_PREFIX_HEADER = YES;
				GCC_PREFIX_HEADER = "AFeedly/AFeedly-Prefix.pch";
				INFOPLIST_FILE = "AFeedly/AFeedly-Info.plist";
				PRODUCT_NAME = "$(TARGET_NAME)";
				WRAPPER_EXTENSION = app;
			};
			name = Debug;
		};
		2F56011819142905004EED5F /* Release */ = {
			isa = XCBuildConfiguration;
			baseConfigurationReference = FB93450CB0E9468091A423DB /* Pods.xcconfig */;
			buildSettings = {
				ASSETCATALOG_COMPILER_APPICON_NAME = AppIcon;
				ASSETCATALOG_COMPILER_LAUNCHIMAGE_NAME = LaunchImage;
				GCC_PRECOMPILE_PREFIX_HEADER = YES;
				GCC_PREFIX_HEADER = "AFeedly/AFeedly-Prefix.pch";
				INFOPLIST_FILE = "AFeedly/AFeedly-Info.plist";
				PRODUCT_NAME = "$(TARGET_NAME)";
				WRAPPER_EXTENSION = app;
			};
			name = Release;
		};
		2F56011A19142905004EED5F /* Debug */ = {
			isa = XCBuildConfiguration;
			buildSettings = {
				BUNDLE_LOADER = "$(BUILT_PRODUCTS_DIR)/AFeedly.app/AFeedly";
				FRAMEWORK_SEARCH_PATHS = (
					"$(SDKROOT)/Developer/Library/Frameworks",
					"$(inherited)",
					"$(DEVELOPER_FRAMEWORKS_DIR)",
				);
				GCC_PRECOMPILE_PREFIX_HEADER = YES;
				GCC_PREFIX_HEADER = "AFeedly/AFeedly-Prefix.pch";
				GCC_PREPROCESSOR_DEFINITIONS = (
					"DEBUG=1",
					"$(inherited)",
				);
				INFOPLIST_FILE = "AFeedlyTests/AFeedlyTests-Info.plist";
				PRODUCT_NAME = "$(TARGET_NAME)";
				TEST_HOST = "$(BUNDLE_LOADER)";
				WRAPPER_EXTENSION = xctest;
			};
			name = Debug;
		};
		2F56011B19142905004EED5F /* Release */ = {
			isa = XCBuildConfiguration;
			buildSettings = {
				BUNDLE_LOADER = "$(BUILT_PRODUCTS_DIR)/AFeedly.app/AFeedly";
				FRAMEWORK_SEARCH_PATHS = (
					"$(SDKROOT)/Developer/Library/Frameworks",
					"$(inherited)",
					"$(DEVELOPER_FRAMEWORKS_DIR)",
				);
				GCC_PRECOMPILE_PREFIX_HEADER = YES;
				GCC_PREFIX_HEADER = "AFeedly/AFeedly-Prefix.pch";
				INFOPLIST_FILE = "AFeedlyTests/AFeedlyTests-Info.plist";
				PRODUCT_NAME = "$(TARGET_NAME)";
				TEST_HOST = "$(BUNDLE_LOADER)";
				WRAPPER_EXTENSION = xctest;
			};
			name = Release;
		};
/* End XCBuildConfiguration section */

/* Begin XCConfigurationList section */
		2F5600E519142904004EED5F /* Build configuration list for PBXProject "AFeedly" */ = {
			isa = XCConfigurationList;
			buildConfigurations = (
				2F56011419142905004EED5F /* Debug */,
				2F56011519142905004EED5F /* Release */,
			);
			defaultConfigurationIsVisible = 0;
			defaultConfigurationName = Release;
		};
		2F56011619142905004EED5F /* Build configuration list for PBXNativeTarget "AFeedly" */ = {
			isa = XCConfigurationList;
			buildConfigurations = (
				2F56011719142905004EED5F /* Debug */,
				2F56011819142905004EED5F /* Release */,
			);
			defaultConfigurationIsVisible = 0;
			defaultConfigurationName = Release;
		};
		2F56011919142905004EED5F /* Build configuration list for PBXNativeTarget "AFeedlyTests" */ = {
			isa = XCConfigurationList;
			buildConfigurations = (
				2F56011A19142905004EED5F /* Debug */,
				2F56011B19142905004EED5F /* Release */,
			);
			defaultConfigurationIsVisible = 0;
			defaultConfigurationName = Release;
		};
/* End XCConfigurationList section */
	};
	rootObject = 2F5600E219142904004EED5F /* Project object */;
}
